// !$*UTF8*$!
{
	archiveVersion = 1;
	classes = {
	};
	objectVersion = 46;
	objects = {

/* Begin PBXBuildFile section */
		BC478C561938BC4500E7F1EA /* DetailViewController.m in Sources */ = {isa = PBXBuildFile; fileRef = BCA6C2801938A30F00153819 /* DetailViewController.m */; };
		BC478C581938C12800E7F1EA /* default-image.png in Resources */ = {isa = PBXBuildFile; fileRef = BC478C571938C12800E7F1EA /* default-image.png */; };
		BC478C5B1938D7A800E7F1EA /* CommentCell.m in Sources */ = {isa = PBXBuildFile; fileRef = BC478C5A1938D7A800E7F1EA /* CommentCell.m */; };
		BC73E7C91938EFC6003ED344 /* Social.framework in Frameworks */ = {isa = PBXBuildFile; fileRef = BC73E7C81938EFC6003ED344 /* Social.framework */; };
		BC73E7CB1938EFD2003ED344 /* Accounts.framework in Frameworks */ = {isa = PBXBuildFile; fileRef = BC73E7CA1938EFD2003ED344 /* Accounts.framework */; };
		BC73E7CD1938EFD9003ED344 /* Twitter.framework in Frameworks */ = {isa = PBXBuildFile; fileRef = BC73E7CC1938EFD9003ED344 /* Twitter.framework */; };
		BC73E7CF1938F055003ED344 /* FacebookSDK.framework in Frameworks */ = {isa = PBXBuildFile; fileRef = BC73E7CE1938F055003ED344 /* FacebookSDK.framework */; };
		BCA4C0E519361980007EBE6A /* Foundation.framework in Frameworks */ = {isa = PBXBuildFile; fileRef = BCA4C0E419361980007EBE6A /* Foundation.framework */; };
		BCA4C0E719361980007EBE6A /* CoreGraphics.framework in Frameworks */ = {isa = PBXBuildFile; fileRef = BCA4C0E619361980007EBE6A /* CoreGraphics.framework */; };
		BCA4C0E919361980007EBE6A /* UIKit.framework in Frameworks */ = {isa = PBXBuildFile; fileRef = BCA4C0E819361980007EBE6A /* UIKit.framework */; };
		BCA4C0EF19361980007EBE6A /* InfoPlist.strings in Resources */ = {isa = PBXBuildFile; fileRef = BCA4C0ED19361980007EBE6A /* InfoPlist.strings */; };
		BCA4C0F119361980007EBE6A /* main.m in Sources */ = {isa = PBXBuildFile; fileRef = BCA4C0F019361980007EBE6A /* main.m */; };
		BCA4C0F519361980007EBE6A /* AppDelegate.m in Sources */ = {isa = PBXBuildFile; fileRef = BCA4C0F419361980007EBE6A /* AppDelegate.m */; };
		BCA4C0F719361980007EBE6A /* Images.xcassets in Resources */ = {isa = PBXBuildFile; fileRef = BCA4C0F619361980007EBE6A /* Images.xcassets */; };
		BCA4C0FE19361980007EBE6A /* XCTest.framework in Frameworks */ = {isa = PBXBuildFile; fileRef = BCA4C0FD19361980007EBE6A /* XCTest.framework */; };
		BCA4C0FF19361980007EBE6A /* Foundation.framework in Frameworks */ = {isa = PBXBuildFile; fileRef = BCA4C0E419361980007EBE6A /* Foundation.framework */; };
		BCA4C10019361980007EBE6A /* UIKit.framework in Frameworks */ = {isa = PBXBuildFile; fileRef = BCA4C0E819361980007EBE6A /* UIKit.framework */; };
		BCA4C10819361980007EBE6A /* InfoPlist.strings in Resources */ = {isa = PBXBuildFile; fileRef = BCA4C10619361980007EBE6A /* InfoPlist.strings */; };
		BCA4C10A19361980007EBE6A /* ObrasTests.m in Sources */ = {isa = PBXBuildFile; fileRef = BCA4C10919361980007EBE6A /* ObrasTests.m */; };
		BCA4C114193619A0007EBE6A /* Storyboard.storyboard in Resources */ = {isa = PBXBuildFile; fileRef = BCA4C113193619A0007EBE6A /* Storyboard.storyboard */; };
		BCA4C116193619D5007EBE6A /* CoreLocation.framework in Frameworks */ = {isa = PBXBuildFile; fileRef = BCA4C115193619D5007EBE6A /* CoreLocation.framework */; };
		BCA4C118193619DC007EBE6A /* MapKit.framework in Frameworks */ = {isa = PBXBuildFile; fileRef = BCA4C117193619DC007EBE6A /* MapKit.framework */; };
		BCA4C11B19361A11007EBE6A /* MainViewController.m in Sources */ = {isa = PBXBuildFile; fileRef = BCA4C11A19361A11007EBE6A /* MainViewController.m */; };
		BCA4C11E19361C60007EBE6A /* MapViewController.m in Sources */ = {isa = PBXBuildFile; fileRef = BCA4C11D19361C60007EBE6A /* MapViewController.m */; };
		BCA4C12219362113007EBE6A /* gps1.gpx in Resources */ = {isa = PBXBuildFile; fileRef = BCA4C12119362113007EBE6A /* gps1.gpx */; };
		BCA4C125193623AE007EBE6A /* MapViewAnnotation.m in Sources */ = {isa = PBXBuildFile; fileRef = BCA4C124193623AE007EBE6A /* MapViewAnnotation.m */; };
		BCA4C127193625F0007EBE6A /* Obras.jpg in Resources */ = {isa = PBXBuildFile; fileRef = BCA4C126193625F0007EBE6A /* Obras.jpg */; };
		BCA6C2841938A33600153819 /* NewConstructionViewController.m in Sources */ = {isa = PBXBuildFile; fileRef = BCA6C2831938A33600153819 /* NewConstructionViewController.m */; };
		E1C17DB21938A3B20094BF9C /* Parse.framework in Frameworks */ = {isa = PBXBuildFile; fileRef = E1C17DB11938A3B20094BF9C /* Parse.framework */; };
		E1C17DB41938A3F50094BF9C /* AudioToolbox.framework in Frameworks */ = {isa = PBXBuildFile; fileRef = E1C17DB31938A3F50094BF9C /* AudioToolbox.framework */; };
		E1C17DB61938A4020094BF9C /* CFNetwork.framework in Frameworks */ = {isa = PBXBuildFile; fileRef = E1C17DB51938A4020094BF9C /* CFNetwork.framework */; };
		E1C17DB81938A4180094BF9C /* libz.dylib in Frameworks */ = {isa = PBXBuildFile; fileRef = E1C17DB71938A4180094BF9C /* libz.dylib */; };
		E1C17DBA1938A4210094BF9C /* MobileCoreServices.framework in Frameworks */ = {isa = PBXBuildFile; fileRef = E1C17DB91938A4210094BF9C /* MobileCoreServices.framework */; };
		E1C17DBC1938A42A0094BF9C /* QuartzCore.framework in Frameworks */ = {isa = PBXBuildFile; fileRef = E1C17DBB1938A42A0094BF9C /* QuartzCore.framework */; };
		E1C17DBE1938A4310094BF9C /* Security.framework in Frameworks */ = {isa = PBXBuildFile; fileRef = E1C17DBD1938A4310094BF9C /* Security.framework */; };
		E1C17DC01938A4390094BF9C /* StoreKit.framework in Frameworks */ = {isa = PBXBuildFile; fileRef = E1C17DBF1938A4390094BF9C /* StoreKit.framework */; };
		E1C17DC21938A4410094BF9C /* SystemConfiguration.framework in Frameworks */ = {isa = PBXBuildFile; fileRef = E1C17DC11938A4410094BF9C /* SystemConfiguration.framework */; };
		E1C17DC51938A7D70094BF9C /* DatabaseUtilities.m in Sources */ = {isa = PBXBuildFile; fileRef = E1C17DC41938A7D70094BF9C /* DatabaseUtilities.m */; };
		E1C17DC81938A9810094BF9C /* Obra.m in Sources */ = {isa = PBXBuildFile; fileRef = E1C17DC71938A9810094BF9C /* Obra.m */; };
		E1C17DCB1938AA270094BF9C /* Comentario.m in Sources */ = {isa = PBXBuildFile; fileRef = E1C17DCA1938AA270094BF9C /* Comentario.m */; };
		E1C17DCE1938AAE30094BF9C /* Usuario.m in Sources */ = {isa = PBXBuildFile; fileRef = E1C17DCD1938AAE30094BF9C /* Usuario.m */; };
		E1D5EC651938CF00000796CA /* Social.framework in Frameworks */ = {isa = PBXBuildFile; fileRef = E1D5EC641938CF00000796CA /* Social.framework */; };
		E1D5EC671938CF07000796CA /* Accounts.framework in Frameworks */ = {isa = PBXBuildFile; fileRef = E1D5EC661938CF07000796CA /* Accounts.framework */; };
		E1D5EC691938CF0E000796CA /* Twitter.framework in Frameworks */ = {isa = PBXBuildFile; fileRef = E1D5EC681938CF0E000796CA /* Twitter.framework */; };
		E1D5EC6B1938CF44000796CA /* FacebookSDK.framework in Frameworks */ = {isa = PBXBuildFile; fileRef = E1D5EC6A1938CF44000796CA /* FacebookSDK.framework */; };
/* End PBXBuildFile section */

/* Begin PBXContainerItemProxy section */
		BCA4C10119361980007EBE6A /* PBXContainerItemProxy */ = {
			isa = PBXContainerItemProxy;
			containerPortal = BCA4C0D919361980007EBE6A /* Project object */;
			proxyType = 1;
			remoteGlobalIDString = BCA4C0E019361980007EBE6A;
			remoteInfo = Obras;
		};
/* End PBXContainerItemProxy section */

/* Begin PBXFileReference section */
		BC478C571938C12800E7F1EA /* default-image.png */ = {isa = PBXFileReference; lastKnownFileType = image.png; path = "default-image.png"; sourceTree = "<group>"; };
		BC478C591938D7A800E7F1EA /* CommentCell.h */ = {isa = PBXFileReference; fileEncoding = 4; lastKnownFileType = sourcecode.c.h; path = CommentCell.h; sourceTree = "<group>"; };
		BC478C5A1938D7A800E7F1EA /* CommentCell.m */ = {isa = PBXFileReference; fileEncoding = 4; lastKnownFileType = sourcecode.c.objc; path = CommentCell.m; sourceTree = "<group>"; };
		BC73E7C81938EFC6003ED344 /* Social.framework */ = {isa = PBXFileReference; lastKnownFileType = wrapper.framework; name = Social.framework; path = System/Library/Frameworks/Social.framework; sourceTree = SDKROOT; };
		BC73E7CA1938EFD2003ED344 /* Accounts.framework */ = {isa = PBXFileReference; lastKnownFileType = wrapper.framework; name = Accounts.framework; path = System/Library/Frameworks/Accounts.framework; sourceTree = SDKROOT; };
		BC73E7CC1938EFD9003ED344 /* Twitter.framework */ = {isa = PBXFileReference; lastKnownFileType = wrapper.framework; name = Twitter.framework; path = System/Library/Frameworks/Twitter.framework; sourceTree = SDKROOT; };
		BC73E7CE1938F055003ED344 /* FacebookSDK.framework */ = {isa = PBXFileReference; lastKnownFileType = wrapper.framework; name = FacebookSDK.framework; path = ../../FacebookSDK/FacebookSDK.framework; sourceTree = "<group>"; };
		BCA4C0E119361980007EBE6A /* Obras.app */ = {isa = PBXFileReference; explicitFileType = wrapper.application; includeInIndex = 0; path = Obras.app; sourceTree = BUILT_PRODUCTS_DIR; };
		BCA4C0E419361980007EBE6A /* Foundation.framework */ = {isa = PBXFileReference; lastKnownFileType = wrapper.framework; name = Foundation.framework; path = System/Library/Frameworks/Foundation.framework; sourceTree = SDKROOT; };
		BCA4C0E619361980007EBE6A /* CoreGraphics.framework */ = {isa = PBXFileReference; lastKnownFileType = wrapper.framework; name = CoreGraphics.framework; path = System/Library/Frameworks/CoreGraphics.framework; sourceTree = SDKROOT; };
		BCA4C0E819361980007EBE6A /* UIKit.framework */ = {isa = PBXFileReference; lastKnownFileType = wrapper.framework; name = UIKit.framework; path = System/Library/Frameworks/UIKit.framework; sourceTree = SDKROOT; };
		BCA4C0EC19361980007EBE6A /* Obras-Info.plist */ = {isa = PBXFileReference; lastKnownFileType = text.plist.xml; path = "Obras-Info.plist"; sourceTree = "<group>"; };
		BCA4C0EE19361980007EBE6A /* en */ = {isa = PBXFileReference; lastKnownFileType = text.plist.strings; name = en; path = en.lproj/InfoPlist.strings; sourceTree = "<group>"; };
		BCA4C0F019361980007EBE6A /* main.m */ = {isa = PBXFileReference; lastKnownFileType = sourcecode.c.objc; path = main.m; sourceTree = "<group>"; };
		BCA4C0F219361980007EBE6A /* Obras-Prefix.pch */ = {isa = PBXFileReference; lastKnownFileType = sourcecode.c.h; path = "Obras-Prefix.pch"; sourceTree = "<group>"; };
		BCA4C0F319361980007EBE6A /* AppDelegate.h */ = {isa = PBXFileReference; lastKnownFileType = sourcecode.c.h; path = AppDelegate.h; sourceTree = "<group>"; };
		BCA4C0F419361980007EBE6A /* AppDelegate.m */ = {isa = PBXFileReference; lastKnownFileType = sourcecode.c.objc; path = AppDelegate.m; sourceTree = "<group>"; };
		BCA4C0F619361980007EBE6A /* Images.xcassets */ = {isa = PBXFileReference; lastKnownFileType = folder.assetcatalog; path = Images.xcassets; sourceTree = "<group>"; };
		BCA4C0FC19361980007EBE6A /* ObrasTests.xctest */ = {isa = PBXFileReference; explicitFileType = wrapper.cfbundle; includeInIndex = 0; path = ObrasTests.xctest; sourceTree = BUILT_PRODUCTS_DIR; };
		BCA4C0FD19361980007EBE6A /* XCTest.framework */ = {isa = PBXFileReference; lastKnownFileType = wrapper.framework; name = XCTest.framework; path = Library/Frameworks/XCTest.framework; sourceTree = DEVELOPER_DIR; };
		BCA4C10519361980007EBE6A /* ObrasTests-Info.plist */ = {isa = PBXFileReference; lastKnownFileType = text.plist.xml; path = "ObrasTests-Info.plist"; sourceTree = "<group>"; };
		BCA4C10719361980007EBE6A /* en */ = {isa = PBXFileReference; lastKnownFileType = text.plist.strings; name = en; path = en.lproj/InfoPlist.strings; sourceTree = "<group>"; };
		BCA4C10919361980007EBE6A /* ObrasTests.m */ = {isa = PBXFileReference; lastKnownFileType = sourcecode.c.objc; path = ObrasTests.m; sourceTree = "<group>"; };
		BCA4C113193619A0007EBE6A /* Storyboard.storyboard */ = {isa = PBXFileReference; fileEncoding = 4; lastKnownFileType = file.storyboard; name = Storyboard.storyboard; path = ../Storyboard.storyboard; sourceTree = "<group>"; };
		BCA4C115193619D5007EBE6A /* CoreLocation.framework */ = {isa = PBXFileReference; lastKnownFileType = wrapper.framework; name = CoreLocation.framework; path = System/Library/Frameworks/CoreLocation.framework; sourceTree = SDKROOT; };
		BCA4C117193619DC007EBE6A /* MapKit.framework */ = {isa = PBXFileReference; lastKnownFileType = wrapper.framework; name = MapKit.framework; path = System/Library/Frameworks/MapKit.framework; sourceTree = SDKROOT; };
		BCA4C11919361A11007EBE6A /* MainViewController.h */ = {isa = PBXFileReference; fileEncoding = 4; lastKnownFileType = sourcecode.c.h; path = MainViewController.h; sourceTree = "<group>"; };
		BCA4C11A19361A11007EBE6A /* MainViewController.m */ = {isa = PBXFileReference; fileEncoding = 4; lastKnownFileType = sourcecode.c.objc; path = MainViewController.m; sourceTree = "<group>"; };
		BCA4C11C19361C60007EBE6A /* MapViewController.h */ = {isa = PBXFileReference; fileEncoding = 4; lastKnownFileType = sourcecode.c.h; path = MapViewController.h; sourceTree = "<group>"; };
		BCA4C11D19361C60007EBE6A /* MapViewController.m */ = {isa = PBXFileReference; fileEncoding = 4; lastKnownFileType = sourcecode.c.objc; path = MapViewController.m; sourceTree = "<group>"; };
		BCA4C12119362113007EBE6A /* gps1.gpx */ = {isa = PBXFileReference; fileEncoding = 4; lastKnownFileType = text.xml; name = gps1.gpx; path = Obras/gps1.gpx; sourceTree = "<group>"; };
		BCA4C123193623AE007EBE6A /* MapViewAnnotation.h */ = {isa = PBXFileReference; fileEncoding = 4; lastKnownFileType = sourcecode.c.h; path = MapViewAnnotation.h; sourceTree = "<group>"; };
		BCA4C124193623AE007EBE6A /* MapViewAnnotation.m */ = {isa = PBXFileReference; fileEncoding = 4; lastKnownFileType = sourcecode.c.objc; path = MapViewAnnotation.m; sourceTree = "<group>"; };
		BCA4C126193625F0007EBE6A /* Obras.jpg */ = {isa = PBXFileReference; lastKnownFileType = image.jpeg; path = Obras.jpg; sourceTree = "<group>"; };
		BCA6C27F1938A30F00153819 /* DetailViewController.h */ = {isa = PBXFileReference; fileEncoding = 4; lastKnownFileType = sourcecode.c.h; path = DetailViewController.h; sourceTree = "<group>"; };
		BCA6C2801938A30F00153819 /* DetailViewController.m */ = {isa = PBXFileReference; fileEncoding = 4; lastKnownFileType = sourcecode.c.objc; path = DetailViewController.m; sourceTree = "<group>"; };
		BCA6C2821938A33600153819 /* NewConstructionViewController.h */ = {isa = PBXFileReference; fileEncoding = 4; lastKnownFileType = sourcecode.c.h; path = NewConstructionViewController.h; sourceTree = "<group>"; };
		BCA6C2831938A33600153819 /* NewConstructionViewController.m */ = {isa = PBXFileReference; fileEncoding = 4; lastKnownFileType = sourcecode.c.objc; path = NewConstructionViewController.m; sourceTree = "<group>"; };
		E1C17DB11938A3B20094BF9C /* Parse.framework */ = {isa = PBXFileReference; lastKnownFileType = wrapper.framework; path = Parse.framework; sourceTree = "<group>"; };
		E1C17DB31938A3F50094BF9C /* AudioToolbox.framework */ = {isa = PBXFileReference; lastKnownFileType = wrapper.framework; name = AudioToolbox.framework; path = System/Library/Frameworks/AudioToolbox.framework; sourceTree = SDKROOT; };
		E1C17DB51938A4020094BF9C /* CFNetwork.framework */ = {isa = PBXFileReference; lastKnownFileType = wrapper.framework; name = CFNetwork.framework; path = System/Library/Frameworks/CFNetwork.framework; sourceTree = SDKROOT; };
		E1C17DB71938A4180094BF9C /* libz.dylib */ = {isa = PBXFileReference; lastKnownFileType = "compiled.mach-o.dylib"; name = libz.dylib; path = usr/lib/libz.dylib; sourceTree = SDKROOT; };
		E1C17DB91938A4210094BF9C /* MobileCoreServices.framework */ = {isa = PBXFileReference; lastKnownFileType = wrapper.framework; name = MobileCoreServices.framework; path = System/Library/Frameworks/MobileCoreServices.framework; sourceTree = SDKROOT; };
		E1C17DBB1938A42A0094BF9C /* QuartzCore.framework */ = {isa = PBXFileReference; lastKnownFileType = wrapper.framework; name = QuartzCore.framework; path = System/Library/Frameworks/QuartzCore.framework; sourceTree = SDKROOT; };
		E1C17DBD1938A4310094BF9C /* Security.framework */ = {isa = PBXFileReference; lastKnownFileType = wrapper.framework; name = Security.framework; path = System/Library/Frameworks/Security.framework; sourceTree = SDKROOT; };
		E1C17DBF1938A4390094BF9C /* StoreKit.framework */ = {isa = PBXFileReference; lastKnownFileType = wrapper.framework; name = StoreKit.framework; path = System/Library/Frameworks/StoreKit.framework; sourceTree = SDKROOT; };
		E1C17DC11938A4410094BF9C /* SystemConfiguration.framework */ = {isa = PBXFileReference; lastKnownFileType = wrapper.framework; name = SystemConfiguration.framework; path = System/Library/Frameworks/SystemConfiguration.framework; sourceTree = SDKROOT; };
		E1C17DC31938A7D70094BF9C /* DatabaseUtilities.h */ = {isa = PBXFileReference; fileEncoding = 4; lastKnownFileType = sourcecode.c.h; path = DatabaseUtilities.h; sourceTree = "<group>"; };
		E1C17DC41938A7D70094BF9C /* DatabaseUtilities.m */ = {isa = PBXFileReference; fileEncoding = 4; lastKnownFileType = sourcecode.c.objc; path = DatabaseUtilities.m; sourceTree = "<group>"; };
		E1C17DC61938A9810094BF9C /* Obra.h */ = {isa = PBXFileReference; fileEncoding = 4; lastKnownFileType = sourcecode.c.h; path = Obra.h; sourceTree = "<group>"; };
		E1C17DC71938A9810094BF9C /* Obra.m */ = {isa = PBXFileReference; fileEncoding = 4; lastKnownFileType = sourcecode.c.objc; path = Obra.m; sourceTree = "<group>"; };
		E1C17DC91938AA270094BF9C /* Comentario.h */ = {isa = PBXFileReference; fileEncoding = 4; lastKnownFileType = sourcecode.c.h; path = Comentario.h; sourceTree = "<group>"; };
		E1C17DCA1938AA270094BF9C /* Comentario.m */ = {isa = PBXFileReference; fileEncoding = 4; lastKnownFileType = sourcecode.c.objc; path = Comentario.m; sourceTree = "<group>"; };
		E1C17DCC1938AAE30094BF9C /* Usuario.h */ = {isa = PBXFileReference; fileEncoding = 4; lastKnownFileType = sourcecode.c.h; path = Usuario.h; sourceTree = "<group>"; };
		E1C17DCD1938AAE30094BF9C /* Usuario.m */ = {isa = PBXFileReference; fileEncoding = 4; lastKnownFileType = sourcecode.c.objc; path = Usuario.m; sourceTree = "<group>"; };
		E1D5EC641938CF00000796CA /* Social.framework */ = {isa = PBXFileReference; lastKnownFileType = wrapper.framework; name = Social.framework; path = System/Library/Frameworks/Social.framework; sourceTree = SDKROOT; };
		E1D5EC661938CF07000796CA /* Accounts.framework */ = {isa = PBXFileReference; lastKnownFileType = wrapper.framework; name = Accounts.framework; path = System/Library/Frameworks/Accounts.framework; sourceTree = SDKROOT; };
		E1D5EC681938CF0E000796CA /* Twitter.framework */ = {isa = PBXFileReference; lastKnownFileType = wrapper.framework; name = Twitter.framework; path = System/Library/Frameworks/Twitter.framework; sourceTree = SDKROOT; };
		E1D5EC6A1938CF44000796CA /* FacebookSDK.framework */ = {isa = PBXFileReference; lastKnownFileType = wrapper.framework; name = FacebookSDK.framework; path = ../../FacebookSDK/FacebookSDK.framework; sourceTree = "<group>"; };
/* End PBXFileReference section */

/* Begin PBXFrameworksBuildPhase section */
		BCA4C0DE19361980007EBE6A /* Frameworks */ = {
			isa = PBXFrameworksBuildPhase;
			buildActionMask = 2147483647;
			files = (
				BC73E7CD1938EFD9003ED344 /* Twitter.framework in Frameworks */,
				BC73E7CB1938EFD2003ED344 /* Accounts.framework in Frameworks */,
				BC73E7C91938EFC6003ED344 /* Social.framework in Frameworks */,
				E1C17DC21938A4410094BF9C /* SystemConfiguration.framework in Frameworks */,
				E1C17DC01938A4390094BF9C /* StoreKit.framework in Frameworks */,
				E1C17DBE1938A4310094BF9C /* Security.framework in Frameworks */,
				E1C17DBC1938A42A0094BF9C /* QuartzCore.framework in Frameworks */,
				E1C17DBA1938A4210094BF9C /* MobileCoreServices.framework in Frameworks */,
				E1C17DB81938A4180094BF9C /* libz.dylib in Frameworks */,
				E1D5EC6B1938CF44000796CA /* FacebookSDK.framework in Frameworks */,
				BCA4C0E719361980007EBE6A /* CoreGraphics.framework in Frameworks */,
				E1C17DB61938A4020094BF9C /* CFNetwork.framework in Frameworks */,
				E1C17DB41938A3F50094BF9C /* AudioToolbox.framework in Frameworks */,
				BCA4C118193619DC007EBE6A /* MapKit.framework in Frameworks */,
				BCA4C116193619D5007EBE6A /* CoreLocation.framework in Frameworks */,
				BC73E7CF1938F055003ED344 /* FacebookSDK.framework in Frameworks */,
				BCA4C0E919361980007EBE6A /* UIKit.framework in Frameworks */,
				E1C17DB21938A3B20094BF9C /* Parse.framework in Frameworks */,
				BCA4C0E519361980007EBE6A /* Foundation.framework in Frameworks */,
			);
			runOnlyForDeploymentPostprocessing = 0;
		};
		BCA4C0F919361980007EBE6A /* Frameworks */ = {
			isa = PBXFrameworksBuildPhase;
			buildActionMask = 2147483647;
			files = (
				BCA4C0FE19361980007EBE6A /* XCTest.framework in Frameworks */,
				BCA4C10019361980007EBE6A /* UIKit.framework in Frameworks */,
				BCA4C0FF19361980007EBE6A /* Foundation.framework in Frameworks */,
			);
			runOnlyForDeploymentPostprocessing = 0;
		};
/* End PBXFrameworksBuildPhase section */

/* Begin PBXGroup section */
		BCA4C0D819361980007EBE6A = {
			isa = PBXGroup;
			children = (
				BCA4C12119362113007EBE6A /* gps1.gpx */,
				BCA4C0EA19361980007EBE6A /* Obras */,
				BCA4C10319361980007EBE6A /* ObrasTests */,
				BCA4C0E319361980007EBE6A /* Frameworks */,
				BCA4C0E219361980007EBE6A /* Products */,
			);
			sourceTree = "<group>";
		};
		BCA4C0E219361980007EBE6A /* Products */ = {
			isa = PBXGroup;
			children = (
				BCA4C0E119361980007EBE6A /* Obras.app */,
				BCA4C0FC19361980007EBE6A /* ObrasTests.xctest */,
			);
			name = Products;
			sourceTree = "<group>";
		};
		BCA4C0E319361980007EBE6A /* Frameworks */ = {
			isa = PBXGroup;
			children = (
				BC73E7CE1938F055003ED344 /* FacebookSDK.framework */,
				BC73E7CC1938EFD9003ED344 /* Twitter.framework */,
				BC73E7CA1938EFD2003ED344 /* Accounts.framework */,
				BC73E7C81938EFC6003ED344 /* Social.framework */,
				E1C17DC11938A4410094BF9C /* SystemConfiguration.framework */,
				E1C17DBF1938A4390094BF9C /* StoreKit.framework */,
				E1C17DBD1938A4310094BF9C /* Security.framework */,
				E1C17DBB1938A42A0094BF9C /* QuartzCore.framework */,
				E1C17DB91938A4210094BF9C /* MobileCoreServices.framework */,
				E1C17DB71938A4180094BF9C /* libz.dylib */,
				E1C17DB51938A4020094BF9C /* CFNetwork.framework */,
				E1C17DB31938A3F50094BF9C /* AudioToolbox.framework */,
				E1C17DB11938A3B20094BF9C /* Parse.framework */,
				BCA4C117193619DC007EBE6A /* MapKit.framework */,
				BCA4C115193619D5007EBE6A /* CoreLocation.framework */,
				BCA4C0E419361980007EBE6A /* Foundation.framework */,
				BCA4C0E619361980007EBE6A /* CoreGraphics.framework */,
				BCA4C0E819361980007EBE6A /* UIKit.framework */,
				BCA4C0FD19361980007EBE6A /* XCTest.framework */,
			);
			name = Frameworks;
			sourceTree = "<group>";
		};
		BCA4C0EA19361980007EBE6A /* Obras */ = {
			isa = PBXGroup;
			children = (
				BCA4C128193625F5007EBE6A /* Images */,
				BCA4C0F319361980007EBE6A /* AppDelegate.h */,
				BCA4C0F419361980007EBE6A /* AppDelegate.m */,
				BCA4C113193619A0007EBE6A /* Storyboard.storyboard */,
				BC478C591938D7A800E7F1EA /* CommentCell.h */,
				BC478C5A1938D7A800E7F1EA /* CommentCell.m */,
				BCA6C2821938A33600153819 /* NewConstructionViewController.h */,
				BCA6C2831938A33600153819 /* NewConstructionViewController.m */,
				BCA6C27F1938A30F00153819 /* DetailViewController.h */,
				BCA6C2801938A30F00153819 /* DetailViewController.m */,
				BCA4C11C19361C60007EBE6A /* MapViewController.h */,
				BCA4C11D19361C60007EBE6A /* MapViewController.m */,
				BCA4C123193623AE007EBE6A /* MapViewAnnotation.h */,
				BCA4C124193623AE007EBE6A /* MapViewAnnotation.m */,
				BCA4C11919361A11007EBE6A /* MainViewController.h */,
				BCA4C11A19361A11007EBE6A /* MainViewController.m */,
				BCA4C0F619361980007EBE6A /* Images.xcassets */,
				BCA4C0EB19361980007EBE6A /* Supporting Files */,
				E1C17DC31938A7D70094BF9C /* DatabaseUtilities.h */,
				E1C17DC41938A7D70094BF9C /* DatabaseUtilities.m */,
				E1C17DCC1938AAE30094BF9C /* Usuario.h */,
				E1C17DCD1938AAE30094BF9C /* Usuario.m */,
				E1C17DC61938A9810094BF9C /* Obra.h */,
				E1C17DC71938A9810094BF9C /* Obra.m */,
				E1C17DC91938AA270094BF9C /* Comentario.h */,
				E1C17DCA1938AA270094BF9C /* Comentario.m */,
			);
			path = Obras;
			sourceTree = "<group>";
		};
		BCA4C0EB19361980007EBE6A /* Supporting Files */ = {
			isa = PBXGroup;
			children = (
				BCA4C0EC19361980007EBE6A /* Obras-Info.plist */,
				BCA4C0ED19361980007EBE6A /* InfoPlist.strings */,
				BCA4C0F019361980007EBE6A /* main.m */,
				BCA4C0F219361980007EBE6A /* Obras-Prefix.pch */,
			);
			name = "Supporting Files";
			sourceTree = "<group>";
		};
		BCA4C10319361980007EBE6A /* ObrasTests */ = {
			isa = PBXGroup;
			children = (
				BCA4C10919361980007EBE6A /* ObrasTests.m */,
				BCA4C10419361980007EBE6A /* Supporting Files */,
			);
			path = ObrasTests;
			sourceTree = "<group>";
		};
		BCA4C10419361980007EBE6A /* Supporting Files */ = {
			isa = PBXGroup;
			children = (
				BCA4C10519361980007EBE6A /* ObrasTests-Info.plist */,
				BCA4C10619361980007EBE6A /* InfoPlist.strings */,
			);
			name = "Supporting Files";
			sourceTree = "<group>";
		};
		BCA4C128193625F5007EBE6A /* Images */ = {
			isa = PBXGroup;
			children = (
				BC478C571938C12800E7F1EA /* default-image.png */,
				BCA4C126193625F0007EBE6A /* Obras.jpg */,
			);
			name = Images;
			sourceTree = "<group>";
		};
/* End PBXGroup section */

/* Begin PBXNativeTarget section */
		BCA4C0E019361980007EBE6A /* Obras */ = {
			isa = PBXNativeTarget;
			buildConfigurationList = BCA4C10D19361980007EBE6A /* Build configuration list for PBXNativeTarget "Obras" */;
			buildPhases = (
				BCA4C0DD19361980007EBE6A /* Sources */,
				BCA4C0DE19361980007EBE6A /* Frameworks */,
				BCA4C0DF19361980007EBE6A /* Resources */,
			);
			buildRules = (
			);
			dependencies = (
			);
			name = Obras;
			productName = Obras;
			productReference = BCA4C0E119361980007EBE6A /* Obras.app */;
			productType = "com.apple.product-type.application";
		};
		BCA4C0FB19361980007EBE6A /* ObrasTests */ = {
			isa = PBXNativeTarget;
			buildConfigurationList = BCA4C11019361980007EBE6A /* Build configuration list for PBXNativeTarget "ObrasTests" */;
			buildPhases = (
				BCA4C0F819361980007EBE6A /* Sources */,
				BCA4C0F919361980007EBE6A /* Frameworks */,
				BCA4C0FA19361980007EBE6A /* Resources */,
			);
			buildRules = (
			);
			dependencies = (
				BCA4C10219361980007EBE6A /* PBXTargetDependency */,
			);
			name = ObrasTests;
			productName = ObrasTests;
			productReference = BCA4C0FC19361980007EBE6A /* ObrasTests.xctest */;
			productType = "com.apple.product-type.bundle.unit-test";
		};
/* End PBXNativeTarget section */

/* Begin PBXProject section */
		BCA4C0D919361980007EBE6A /* Project object */ = {
			isa = PBXProject;
			attributes = {
				LastUpgradeCheck = 0510;
				ORGANIZATIONNAME = "Ulisses Malta Santos";
				TargetAttributes = {
					BCA4C0FB19361980007EBE6A = {
						TestTargetID = BCA4C0E019361980007EBE6A;
					};
				};
			};
			buildConfigurationList = BCA4C0DC19361980007EBE6A /* Build configuration list for PBXProject "Obras" */;
			compatibilityVersion = "Xcode 3.2";
			developmentRegion = English;
			hasScannedForEncodings = 0;
			knownRegions = (
				en,
			);
			mainGroup = BCA4C0D819361980007EBE6A;
			productRefGroup = BCA4C0E219361980007EBE6A /* Products */;
			projectDirPath = "";
			projectRoot = "";
			targets = (
				BCA4C0E019361980007EBE6A /* Obras */,
				BCA4C0FB19361980007EBE6A /* ObrasTests */,
			);
		};
/* End PBXProject section */

/* Begin PBXResourcesBuildPhase section */
		BCA4C0DF19361980007EBE6A /* Resources */ = {
			isa = PBXResourcesBuildPhase;
			buildActionMask = 2147483647;
			files = (
				BCA4C12219362113007EBE6A /* gps1.gpx in Resources */,
				BCA4C0EF19361980007EBE6A /* InfoPlist.strings in Resources */,
				BCA4C0F719361980007EBE6A /* Images.xcassets in Resources */,
				BCA4C114193619A0007EBE6A /* Storyboard.storyboard in Resources */,
				BCA4C127193625F0007EBE6A /* Obras.jpg in Resources */,
				BC478C581938C12800E7F1EA /* default-image.png in Resources */,
			);
			runOnlyForDeploymentPostprocessing = 0;
		};
		BCA4C0FA19361980007EBE6A /* Resources */ = {
			isa = PBXResourcesBuildPhase;
			buildActionMask = 2147483647;
			files = (
				BCA4C10819361980007EBE6A /* InfoPlist.strings in Resources */,
			);
			runOnlyForDeploymentPostprocessing = 0;
		};
/* End PBXResourcesBuildPhase section */

/* Begin PBXSourcesBuildPhase section */
		BCA4C0DD19361980007EBE6A /* Sources */ = {
			isa = PBXSourcesBuildPhase;
			buildActionMask = 2147483647;
			files = (
				BC478C561938BC4500E7F1EA /* DetailViewController.m in Sources */,
				BCA4C0F519361980007EBE6A /* AppDelegate.m in Sources */,
				E1C17DC81938A9810094BF9C /* Obra.m in Sources */,
				BCA4C11B19361A11007EBE6A /* MainViewController.m in Sources */,
				BCA4C0F119361980007EBE6A /* main.m in Sources */,
				BCA4C11E19361C60007EBE6A /* MapViewController.m in Sources */,
				BCA4C125193623AE007EBE6A /* MapViewAnnotation.m in Sources */,
				BC478C5B1938D7A800E7F1EA /* CommentCell.m in Sources */,
				E1C17DCE1938AAE30094BF9C /* Usuario.m in Sources */,
				BCA6C2841938A33600153819 /* NewConstructionViewController.m in Sources */,
				E1C17DCB1938AA270094BF9C /* Comentario.m in Sources */,
				E1C17DC51938A7D70094BF9C /* DatabaseUtilities.m in Sources */,
			);
			runOnlyForDeploymentPostprocessing = 0;
		};
		BCA4C0F819361980007EBE6A /* Sources */ = {
			isa = PBXSourcesBuildPhase;
			buildActionMask = 2147483647;
			files = (
				BCA4C10A19361980007EBE6A /* ObrasTests.m in Sources */,
			);
			runOnlyForDeploymentPostprocessing = 0;
		};
/* End PBXSourcesBuildPhase section */

/* Begin PBXTargetDependency section */
		BCA4C10219361980007EBE6A /* PBXTargetDependency */ = {
			isa = PBXTargetDependency;
			target = BCA4C0E019361980007EBE6A /* Obras */;
			targetProxy = BCA4C10119361980007EBE6A /* PBXContainerItemProxy */;
		};
/* End PBXTargetDependency section */

/* Begin PBXVariantGroup section */
		BCA4C0ED19361980007EBE6A /* InfoPlist.strings */ = {
			isa = PBXVariantGroup;
			children = (
				BCA4C0EE19361980007EBE6A /* en */,
			);
			name = InfoPlist.strings;
			sourceTree = "<group>";
		};
		BCA4C10619361980007EBE6A /* InfoPlist.strings */ = {
			isa = PBXVariantGroup;
			children = (
				BCA4C10719361980007EBE6A /* en */,
			);
			name = InfoPlist.strings;
			sourceTree = "<group>";
		};
/* End PBXVariantGroup section */

/* Begin XCBuildConfiguration section */
		BCA4C10B19361980007EBE6A /* Debug */ = {
			isa = XCBuildConfiguration;
			buildSettings = {
				ALWAYS_SEARCH_USER_PATHS = NO;
				CLANG_CXX_LANGUAGE_STANDARD = "gnu++0x";
				CLANG_CXX_LIBRARY = "libc++";
				CLANG_ENABLE_MODULES = YES;
				CLANG_ENABLE_OBJC_ARC = YES;
				CLANG_WARN_BOOL_CONVERSION = YES;
				CLANG_WARN_CONSTANT_CONVERSION = YES;
				CLANG_WARN_DIRECT_OBJC_ISA_USAGE = YES_ERROR;
				CLANG_WARN_EMPTY_BODY = YES;
				CLANG_WARN_ENUM_CONVERSION = YES;
				CLANG_WARN_INT_CONVERSION = YES;
				CLANG_WARN_OBJC_ROOT_CLASS = YES_ERROR;
				CLANG_WARN__DUPLICATE_METHOD_MATCH = YES;
				"CODE_SIGN_IDENTITY[sdk=iphoneos*]" = "iPhone Developer";
				COPY_PHASE_STRIP = NO;
				GCC_C_LANGUAGE_STANDARD = gnu99;
				GCC_DYNAMIC_NO_PIC = NO;
				GCC_OPTIMIZATION_LEVEL = 0;
				GCC_PREPROCESSOR_DEFINITIONS = (
					"DEBUG=1",
					"$(inherited)",
				);
				GCC_SYMBOLS_PRIVATE_EXTERN = NO;
				GCC_WARN_64_TO_32_BIT_CONVERSION = YES;
				GCC_WARN_ABOUT_RETURN_TYPE = YES_ERROR;
				GCC_WARN_UNDECLARED_SELECTOR = YES;
				GCC_WARN_UNINITIALIZED_AUTOS = YES;
				GCC_WARN_UNUSED_FUNCTION = YES;
				GCC_WARN_UNUSED_VARIABLE = YES;
				IPHONEOS_DEPLOYMENT_TARGET = 7.0;
				ONLY_ACTIVE_ARCH = YES;
				SDKROOT = iphoneos;
			};
			name = Debug;
		};
		BCA4C10C19361980007EBE6A /* Release */ = {
			isa = XCBuildConfiguration;
			buildSettings = {
				ALWAYS_SEARCH_USER_PATHS = NO;
				CLANG_CXX_LANGUAGE_STANDARD = "gnu++0x";
				CLANG_CXX_LIBRARY = "libc++";
				CLANG_ENABLE_MODULES = YES;
				CLANG_ENABLE_OBJC_ARC = YES;
				CLANG_WARN_BOOL_CONVERSION = YES;
				CLANG_WARN_CONSTANT_CONVERSION = YES;
				CLANG_WARN_DIRECT_OBJC_ISA_USAGE = YES_ERROR;
				CLANG_WARN_EMPTY_BODY = YES;
				CLANG_WARN_ENUM_CONVERSION = YES;
				CLANG_WARN_INT_CONVERSION = YES;
				CLANG_WARN_OBJC_ROOT_CLASS = YES_ERROR;
				CLANG_WARN__DUPLICATE_METHOD_MATCH = YES;
				"CODE_SIGN_IDENTITY[sdk=iphoneos*]" = "iPhone Developer";
				COPY_PHASE_STRIP = YES;
				ENABLE_NS_ASSERTIONS = NO;
				GCC_C_LANGUAGE_STANDARD = gnu99;
				GCC_WARN_64_TO_32_BIT_CONVERSION = YES;
				GCC_WARN_ABOUT_RETURN_TYPE = YES_ERROR;
				GCC_WARN_UNDECLARED_SELECTOR = YES;
				GCC_WARN_UNINITIALIZED_AUTOS = YES;
				GCC_WARN_UNUSED_FUNCTION = YES;
				GCC_WARN_UNUSED_VARIABLE = YES;
				IPHONEOS_DEPLOYMENT_TARGET = 7.0;
				SDKROOT = iphoneos;
				VALIDATE_PRODUCT = YES;
			};
			name = Release;
		};
		BCA4C10E19361980007EBE6A /* Debug */ = {
			isa = XCBuildConfiguration;
			buildSettings = {
				ASSETCATALOG_COMPILER_APPICON_NAME = AppIcon;
				ASSETCATALOG_COMPILER_LAUNCHIMAGE_NAME = LaunchImage;
				FRAMEWORK_SEARCH_PATHS = (
					"$(inherited)",
					"$(PROJECT_DIR)",
					/Users/ulissesmalta/Documents/FacebookSDK,
				);
				GCC_PRECOMPILE_PREFIX_HEADER = YES;
				GCC_PREFIX_HEADER = "Obras/Obras-Prefix.pch";
				INFOPLIST_FILE = "Obras/Obras-Info.plist";
				PRODUCT_NAME = "$(TARGET_NAME)";
				WRAPPER_EXTENSION = app;
			};
			name = Debug;
		};
		BCA4C10F19361980007EBE6A /* Release */ = {
			isa = XCBuildConfiguration;
			buildSettings = {
				ASSETCATALOG_COMPILER_APPICON_NAME = AppIcon;
				ASSETCATALOG_COMPILER_LAUNCHIMAGE_NAME = LaunchImage;
				FRAMEWORK_SEARCH_PATHS = (
					"$(inherited)",
					"$(PROJECT_DIR)",
					/Users/ulissesmalta/Documents/FacebookSDK,
				);
				GCC_PRECOMPILE_PREFIX_HEADER = YES;
				GCC_PREFIX_HEADER = "Obras/Obras-Prefix.pch";
				INFOPLIST_FILE = "Obras/Obras-Info.plist";
				PRODUCT_NAME = "$(TARGET_NAME)";
				WRAPPER_EXTENSION = app;
			};
			name = Release;
		};
		BCA4C11119361980007EBE6A /* Debug */ = {
			isa = XCBuildConfiguration;
			buildSettings = {
				BUNDLE_LOADER = "$(BUILT_PRODUCTS_DIR)/Obras.app/Obras";
				FRAMEWORK_SEARCH_PATHS = (
					"$(SDKROOT)/Developer/Library/Frameworks",
					"$(inherited)",
					"$(DEVELOPER_FRAMEWORKS_DIR)",
				);
				GCC_PRECOMPILE_PREFIX_HEADER = YES;
				GCC_PREFIX_HEADER = "Obras/Obras-Prefix.pch";
				GCC_PREPROCESSOR_DEFINITIONS = (
					"DEBUG=1",
					"$(inherited)",
				);
				INFOPLIST_FILE = "ObrasTests/ObrasTests-Info.plist";
				PRODUCT_NAME = "$(TARGET_NAME)";
				TEST_HOST = "$(BUNDLE_LOADER)";
				WRAPPER_EXTENSION = xctest;
			};
			name = Debug;
		};
		BCA4C11219361980007EBE6A /* Release */ = {
			isa = XCBuildConfiguration;
			buildSettings = {
				BUNDLE_LOADER = "$(BUILT_PRODUCTS_DIR)/Obras.app/Obras";
				FRAMEWORK_SEARCH_PATHS = (
					"$(SDKROOT)/Developer/Library/Frameworks",
					"$(inherited)",
					"$(DEVELOPER_FRAMEWORKS_DIR)",
				);
				GCC_PRECOMPILE_PREFIX_HEADER = YES;
				GCC_PREFIX_HEADER = "Obras/Obras-Prefix.pch";
				INFOPLIST_FILE = "ObrasTests/ObrasTests-Info.plist";
				PRODUCT_NAME = "$(TARGET_NAME)";
				TEST_HOST = "$(BUNDLE_LOADER)";
				WRAPPER_EXTENSION = xctest;
			};
			name = Release;
		};
/* End XCBuildConfiguration section */

/* Begin XCConfigurationList section */
		BCA4C0DC19361980007EBE6A /* Build configuration list for PBXProject "Obras" */ = {
			isa = XCConfigurationList;
			buildConfigurations = (
				BCA4C10B19361980007EBE6A /* Debug */,
				BCA4C10C19361980007EBE6A /* Release */,
			);
			defaultConfigurationIsVisible = 0;
			defaultConfigurationName = Release;
		};
		BCA4C10D19361980007EBE6A /* Build configuration list for PBXNativeTarget "Obras" */ = {
			isa = XCConfigurationList;
			buildConfigurations = (
				BCA4C10E19361980007EBE6A /* Debug */,
				BCA4C10F19361980007EBE6A /* Release */,
			);
			defaultConfigurationIsVisible = 0;
			defaultConfigurationName = Release;
		};
		BCA4C11019361980007EBE6A /* Build configuration list for PBXNativeTarget "ObrasTests" */ = {
			isa = XCConfigurationList;
			buildConfigurations = (
				BCA4C11119361980007EBE6A /* Debug */,
				BCA4C11219361980007EBE6A /* Release */,
			);
			defaultConfigurationIsVisible = 0;
			defaultConfigurationName = Release;
		};
/* End XCConfigurationList section */
	};
	rootObject = BCA4C0D919361980007EBE6A /* Project object */;
}
